
Microsoft Visual Studio Solution File, Format Version 12.00
# Visual Studio Version 17
VisualStudioVersion = 17.14.36603.0
MinimumVisualStudioVersion = 10.0.40219.1
Project("{FAE04EC0-301F-11D3-BF4B-00C04F79EFBC}") = "DTO", "DTO\DTO.csproj", "{5E574EC0-3B5D-4289-854B-DF9E01E1A2FC}"
EndProject
Project("{FAE04EC0-301F-11D3-BF4B-00C04F79EFBC}") = "DAL", "DAL\DAL.csproj", "{DC015F17-D741-437C-84E1-7C190D904B31}"
EndProject
Project("{FAE04EC0-301F-11D3-BF4B-00C04F79EFBC}") = "GUI", "GUI\GUI.csproj", "{CD89ADCB-0279-4B0A-A2E2-77C645D03D45}"
EndProject
Project("{FAE04EC0-301F-11D3-BF4B-00C04F79EFBC}") = "BUS", "BUS\BUS.csproj", "{B1344DB4-9272-4509-B6DD-9336BBEE7022}"
EndProject
Global
	GlobalSection(SolutionConfigurationPlatforms) = preSolution
		Debug|Any CPU = Debug|Any CPU
		Release|Any CPU = Release|Any CPU
	EndGlobalSection
	GlobalSection(ProjectConfigurationPlatforms) = postSolution
		{5E574EC0-3B5D-4289-854B-DF9E01E1A2FC}.Debug|Any CPU.ActiveCfg = Debug|Any CPU
		{5E574EC0-3B5D-4289-854B-DF9E01E1A2FC}.Debug|Any CPU.Build.0 = Debug|Any CPU
		{5E574EC0-3B5D-4289-854B-DF9E01E1A2FC}.Release|Any CPU.ActiveCfg = Release|Any CPU
		{5E574EC0-3B5D-4289-854B-DF9E01E1A2FC}.Release|Any CPU.Build.0 = Release|Any CPU
		{DC015F17-D741-437C-84E1-7C190D904B31}.Debug|Any CPU.ActiveCfg = Debug|Any CPU
		{DC015F17-D741-437C-84E1-7C190D904B31}.Debug|Any CPU.Build.0 = Debug|Any CPU
		{DC015F17-D741-437C-84E1-7C190D904B31}.Release|Any CPU.ActiveCfg = Release|Any CPU
		{DC015F17-D741-437C-84E1-7C190D904B31}.Release|Any CPU.Build.0 = Release|Any CPU
		{CD89ADCB-0279-4B0A-A2E2-77C645D03D45}.Debug|Any CPU.ActiveCfg = Debug|Any CPU
		{CD89ADCB-0279-4B0A-A2E2-77C645D03D45}.Debug|Any CPU.Build.0 = Debug|Any CPU
		{CD89ADCB-0279-4B0A-A2E2-77C645D03D45}.Release|Any CPU.ActiveCfg = Release|Any CPU
		{CD89ADCB-0279-4B0A-A2E2-77C645D03D45}.Release|Any CPU.Build.0 = Release|Any CPU
		{B1344DB4-9272-4509-B6DD-9336BBEE7022}.Debug|Any CPU.ActiveCfg = Debug|Any CPU
		{B1344DB4-9272-4509-B6DD-9336BBEE7022}.Debug|Any CPU.Build.0 = Debug|Any CPU
		{B1344DB4-9272-4509-B6DD-9336BBEE7022}.Release|Any CPU.ActiveCfg = Release|Any CPU
		{B1344DB4-9272-4509-B6DD-9336BBEE7022}.Release|Any CPU.Build.0 = Release|Any CPU
	EndGlobalSection
	GlobalSection(SolutionProperties) = preSolution
		HideSolutionNode = FALSE
	EndGlobalSection
	GlobalSection(ExtensibilityGlobals) = postSolution
		SolutionGuid = {1E4B07CE-F102-4CA4-90C0-7E37D43F88BC}
	EndGlobalSection
EndGlobal
